
Microsoft Visual Studio Solution File, Format Version 12.00
# Visual Studio Version 17
VisualStudioVersion = 17.1.32319.34
MinimumVisualStudioVersion = 10.0.40219.1
Project("{8BC9CEB8-8B4A-11D0-8D11-00A0C91BC942}") = "SortArray", "SortArray\SortArray.vcxproj", "{FF103F62-0BCE-4264-B06B-3A9AEF54E395}"
EndProject
Project("{8BC9CEB8-8B4A-11D0-8D11-00A0C91BC942}") = "Dijkstra", "Dijkstra\Dijkstra.vcxproj", "{7C0BC024-1691-4B0F-8445-BE43444369D3}"
EndProject
Project("{8BC9CEB8-8B4A-11D0-8D11-00A0C91BC942}") = "Diskretka", "Diskretka\Diskretka.vcxproj", "{BEB40E32-0C26-4F10-A406-5714E925B138}"
EndProject
Project("{8BC9CEB8-8B4A-11D0-8D11-00A0C91BC942}") = "CountSymbols", "CountSymbols\CountSymbols.vcxproj", "{B3EBE29D-B8A9-4F5F-96BC-246AD8B223F4}"
EndProject
Project("{8BC9CEB8-8B4A-11D0-8D11-00A0C91BC942}") = "ApachLogsAnalyzer", "ApachLogsAnalyzer\ApachLogsAnalyzer.vcxproj", "{D1099520-569E-4C33-94A5-F91884D28B5E}"
EndProject
Project("{8BC9CEB8-8B4A-11D0-8D11-00A0C91BC942}") = "ConsoleApplication1", "ConsoleApplication1\ConsoleApplication1.vcxproj", "{846A9FEC-EC48-4C3F-AA08-74E615E247A2}"
EndProject
Project("{8BC9CEB8-8B4A-11D0-8D11-00A0C91BC942}") = "BitField", "BitField\BitField.vcxproj", "{005940F6-FE85-454C-92EC-77392C5862EE}"
EndProject
Project("{8BC9CEB8-8B4A-11D0-8D11-00A0C91BC942}") = "FormatTextFile", "FormatTextFile\FormatTextFile.vcxproj", "{EA294B4C-8227-4BD5-8EAE-6E4F5A96F7E7}"
EndProject
Project("{8BC9CEB8-8B4A-11D0-8D11-00A0C91BC942}") = "ConsoleApplication2", "ConsoleApplication2\ConsoleApplication2.vcxproj", "{C1597D93-AFD2-44FB-8893-F8FBD3144858}"
EndProject
Project("{9A19103F-16F7-4668-BE54-9A1E7A4F7556}") = "RealEstate", "Animal\RealEstate.csproj", "{3A98089C-58DC-433F-B096-0D75FCEF33C2}"
EndProject
Project("{8BC9CEB8-8B4A-11D0-8D11-00A0C91BC942}") = "LinkedList", "LinkedList\LinkedList.vcxproj", "{01E8CC05-0D52-4D5B-A9E9-EC5048A133DC}"
EndProject
Global
	GlobalSection(SolutionConfigurationPlatforms) = preSolution
		Debug|Any CPU = Debug|Any CPU
		Debug|x64 = Debug|x64
		Debug|x86 = Debug|x86
		Release|Any CPU = Release|Any CPU
		Release|x64 = Release|x64
		Release|x86 = Release|x86
	EndGlobalSection
	GlobalSection(ProjectConfigurationPlatforms) = postSolution
		{FF103F62-0BCE-4264-B06B-3A9AEF54E395}.Debug|Any CPU.ActiveCfg = Debug|x64
		{FF103F62-0BCE-4264-B06B-3A9AEF54E395}.Debug|Any CPU.Build.0 = Debug|x64
		{FF103F62-0BCE-4264-B06B-3A9AEF54E395}.Debug|x64.ActiveCfg = Debug|x64
		{FF103F62-0BCE-4264-B06B-3A9AEF54E395}.Debug|x64.Build.0 = Debug|x64
		{FF103F62-0BCE-4264-B06B-3A9AEF54E395}.Debug|x86.ActiveCfg = Debug|Win32
		{FF103F62-0BCE-4264-B06B-3A9AEF54E395}.Debug|x86.Build.0 = Debug|Win32
		{FF103F62-0BCE-4264-B06B-3A9AEF54E395}.Release|Any CPU.ActiveCfg = Release|x64
		{FF103F62-0BCE-4264-B06B-3A9AEF54E395}.Release|Any CPU.Build.0 = Release|x64
		{FF103F62-0BCE-4264-B06B-3A9AEF54E395}.Release|x64.ActiveCfg = Release|x64
		{FF103F62-0BCE-4264-B06B-3A9AEF54E395}.Release|x64.Build.0 = Release|x64
		{FF103F62-0BCE-4264-B06B-3A9AEF54E395}.Release|x86.ActiveCfg = Release|Win32
		{FF103F62-0BCE-4264-B06B-3A9AEF54E395}.Release|x86.Build.0 = Release|Win32
		{7C0BC024-1691-4B0F-8445-BE43444369D3}.Debug|Any CPU.ActiveCfg = Debug|x64
		{7C0BC024-1691-4B0F-8445-BE43444369D3}.Debug|Any CPU.Build.0 = Debug|x64
		{7C0BC024-1691-4B0F-8445-BE43444369D3}.Debug|x64.ActiveCfg = Debug|x64
		{7C0BC024-1691-4B0F-8445-BE43444369D3}.Debug|x64.Build.0 = Debug|x64
		{7C0BC024-1691-4B0F-8445-BE43444369D3}.Debug|x86.ActiveCfg = Debug|Win32
		{7C0BC024-1691-4B0F-8445-BE43444369D3}.Debug|x86.Build.0 = Debug|Win32
		{7C0BC024-1691-4B0F-8445-BE43444369D3}.Release|Any CPU.ActiveCfg = Release|x64
		{7C0BC024-1691-4B0F-8445-BE43444369D3}.Release|Any CPU.Build.0 = Release|x64
		{7C0BC024-1691-4B0F-8445-BE43444369D3}.Release|x64.ActiveCfg = Release|x64
		{7C0BC024-1691-4B0F-8445-BE43444369D3}.Release|x64.Build.0 = Release|x64
		{7C0BC024-1691-4B0F-8445-BE43444369D3}.Release|x86.ActiveCfg = Release|Win32
		{7C0BC024-1691-4B0F-8445-BE43444369D3}.Release|x86.Build.0 = Release|Win32
		{BEB40E32-0C26-4F10-A406-5714E925B138}.Debug|Any CPU.ActiveCfg = Debug|x64
		{BEB40E32-0C26-4F10-A406-5714E925B138}.Debug|Any CPU.Build.0 = Debug|x64
		{BEB40E32-0C26-4F10-A406-5714E925B138}.Debug|x64.ActiveCfg = Debug|x64
		{BEB40E32-0C26-4F10-A406-5714E925B138}.Debug|x64.Build.0 = Debug|x64
		{BEB40E32-0C26-4F10-A406-5714E925B138}.Debug|x86.ActiveCfg = Debug|Win32
		{BEB40E32-0C26-4F10-A406-5714E925B138}.Debug|x86.Build.0 = Debug|Win32
		{BEB40E32-0C26-4F10-A406-5714E925B138}.Release|Any CPU.ActiveCfg = Release|x64
		{BEB40E32-0C26-4F10-A406-5714E925B138}.Release|Any CPU.Build.0 = Release|x64
		{BEB40E32-0C26-4F10-A406-5714E925B138}.Release|x64.ActiveCfg = Release|x64
		{BEB40E32-0C26-4F10-A406-5714E925B138}.Release|x64.Build.0 = Release|x64
		{BEB40E32-0C26-4F10-A406-5714E925B138}.Release|x86.ActiveCfg = Release|Win32
		{BEB40E32-0C26-4F10-A406-5714E925B138}.Release|x86.Build.0 = Release|Win32
		{B3EBE29D-B8A9-4F5F-96BC-246AD8B223F4}.Debug|Any CPU.ActiveCfg = Debug|x64
		{B3EBE29D-B8A9-4F5F-96BC-246AD8B223F4}.Debug|Any CPU.Build.0 = Debug|x64
		{B3EBE29D-B8A9-4F5F-96BC-246AD8B223F4}.Debug|x64.ActiveCfg = Debug|x64
		{B3EBE29D-B8A9-4F5F-96BC-246AD8B223F4}.Debug|x64.Build.0 = Debug|x64
		{B3EBE29D-B8A9-4F5F-96BC-246AD8B223F4}.Debug|x86.ActiveCfg = Debug|Win32
		{B3EBE29D-B8A9-4F5F-96BC-246AD8B223F4}.Debug|x86.Build.0 = Debug|Win32
		{B3EBE29D-B8A9-4F5F-96BC-246AD8B223F4}.Release|Any CPU.ActiveCfg = Release|x64
		{B3EBE29D-B8A9-4F5F-96BC-246AD8B223F4}.Release|Any CPU.Build.0 = Release|x64
		{B3EBE29D-B8A9-4F5F-96BC-246AD8B223F4}.Release|x64.ActiveCfg = Release|x64
		{B3EBE29D-B8A9-4F5F-96BC-246AD8B223F4}.Release|x64.Build.0 = Release|x64
		{B3EBE29D-B8A9-4F5F-96BC-246AD8B223F4}.Release|x86.ActiveCfg = Release|Win32
		{B3EBE29D-B8A9-4F5F-96BC-246AD8B223F4}.Release|x86.Build.0 = Release|Win32
		{D1099520-569E-4C33-94A5-F91884D28B5E}.Debug|Any CPU.ActiveCfg = Debug|x64
		{D1099520-569E-4C33-94A5-F91884D28B5E}.Debug|Any CPU.Build.0 = Debug|x64
		{D1099520-569E-4C33-94A5-F91884D28B5E}.Debug|x64.ActiveCfg = Debug|x64
		{D1099520-569E-4C33-94A5-F91884D28B5E}.Debug|x64.Build.0 = Debug|x64
		{D1099520-569E-4C33-94A5-F91884D28B5E}.Debug|x86.ActiveCfg = Debug|Win32
		{D1099520-569E-4C33-94A5-F91884D28B5E}.Debug|x86.Build.0 = Debug|Win32
		{D1099520-569E-4C33-94A5-F91884D28B5E}.Release|Any CPU.ActiveCfg = Release|x64
		{D1099520-569E-4C33-94A5-F91884D28B5E}.Release|Any CPU.Build.0 = Release|x64
		{D1099520-569E-4C33-94A5-F91884D28B5E}.Release|x64.ActiveCfg = Release|x64
		{D1099520-569E-4C33-94A5-F91884D28B5E}.Release|x64.Build.0 = Release|x64
		{D1099520-569E-4C33-94A5-F91884D28B5E}.Release|x86.ActiveCfg = Release|Win32
		{D1099520-569E-4C33-94A5-F91884D28B5E}.Release|x86.Build.0 = Release|Win32
		{846A9FEC-EC48-4C3F-AA08-74E615E247A2}.Debug|Any CPU.ActiveCfg = Debug|x64
		{846A9FEC-EC48-4C3F-AA08-74E615E247A2}.Debug|Any CPU.Build.0 = Debug|x64
		{846A9FEC-EC48-4C3F-AA08-74E615E247A2}.Debug|x64.ActiveCfg = Debug|x64
		{846A9FEC-EC48-4C3F-AA08-74E615E247A2}.Debug|x64.Build.0 = Debug|x64
		{846A9FEC-EC48-4C3F-AA08-74E615E247A2}.Debug|x86.ActiveCfg = Debug|Win32
		{846A9FEC-EC48-4C3F-AA08-74E615E247A2}.Debug|x86.Build.0 = Debug|Win32
		{846A9FEC-EC48-4C3F-AA08-74E615E247A2}.Release|Any CPU.ActiveCfg = Release|x64
		{846A9FEC-EC48-4C3F-AA08-74E615E247A2}.Release|Any CPU.Build.0 = Release|x64
		{846A9FEC-EC48-4C3F-AA08-74E615E247A2}.Release|x64.ActiveCfg = Release|x64
		{846A9FEC-EC48-4C3F-AA08-74E615E247A2}.Release|x64.Build.0 = Release|x64
		{846A9FEC-EC48-4C3F-AA08-74E615E247A2}.Release|x86.ActiveCfg = Release|Win32
		{846A9FEC-EC48-4C3F-AA08-74E615E247A2}.Release|x86.Build.0 = Release|Win32
		{005940F6-FE85-454C-92EC-77392C5862EE}.Debug|Any CPU.ActiveCfg = Debug|x64
		{005940F6-FE85-454C-92EC-77392C5862EE}.Debug|Any CPU.Build.0 = Debug|x64
		{005940F6-FE85-454C-92EC-77392C5862EE}.Debug|x64.ActiveCfg = Debug|x64
		{005940F6-FE85-454C-92EC-77392C5862EE}.Debug|x64.Build.0 = Debug|x64
		{005940F6-FE85-454C-92EC-77392C5862EE}.Debug|x86.ActiveCfg = Debug|Win32
		{005940F6-FE85-454C-92EC-77392C5862EE}.Debug|x86.Build.0 = Debug|Win32
		{005940F6-FE85-454C-92EC-77392C5862EE}.Release|Any CPU.ActiveCfg = Release|x64
		{005940F6-FE85-454C-92EC-77392C5862EE}.Release|Any CPU.Build.0 = Release|x64
		{005940F6-FE85-454C-92EC-77392C5862EE}.Release|x64.ActiveCfg = Release|x64
		{005940F6-FE85-454C-92EC-77392C5862EE}.Release|x64.Build.0 = Release|x64
		{005940F6-FE85-454C-92EC-77392C5862EE}.Release|x86.ActiveCfg = Release|Win32
		{005940F6-FE85-454C-92EC-77392C5862EE}.Release|x86.Build.0 = Release|Win32
		{EA294B4C-8227-4BD5-8EAE-6E4F5A96F7E7}.Debug|Any CPU.ActiveCfg = Debug|x64
		{EA294B4C-8227-4BD5-8EAE-6E4F5A96F7E7}.Debug|Any CPU.Build.0 = Debug|x64
		{EA294B4C-8227-4BD5-8EAE-6E4F5A96F7E7}.Debug|x64.ActiveCfg = Debug|x64
		{EA294B4C-8227-4BD5-8EAE-6E4F5A96F7E7}.Debug|x64.Build.0 = Debug|x64
		{EA294B4C-8227-4BD5-8EAE-6E4F5A96F7E7}.Debug|x86.ActiveCfg = Debug|Win32
		{EA294B4C-8227-4BD5-8EAE-6E4F5A96F7E7}.Debug|x86.Build.0 = Debug|Win32
		{EA294B4C-8227-4BD5-8EAE-6E4F5A96F7E7}.Release|Any CPU.ActiveCfg = Release|x64
		{EA294B4C-8227-4BD5-8EAE-6E4F5A96F7E7}.Release|Any CPU.Build.0 = Release|x64
		{EA294B4C-8227-4BD5-8EAE-6E4F5A96F7E7}.Release|x64.ActiveCfg = Release|x64
		{EA294B4C-8227-4BD5-8EAE-6E4F5A96F7E7}.Release|x64.Build.0 = Release|x64
		{EA294B4C-8227-4BD5-8EAE-6E4F5A96F7E7}.Release|x86.ActiveCfg = Release|Win32
		{EA294B4C-8227-4BD5-8EAE-6E4F5A96F7E7}.Release|x86.Build.0 = Release|Win32
		{C1597D93-AFD2-44FB-8893-F8FBD3144858}.Debug|Any CPU.ActiveCfg = Debug|x64
		{C1597D93-AFD2-44FB-8893-F8FBD3144858}.Debug|Any CPU.Build.0 = Debug|x64
		{C1597D93-AFD2-44FB-8893-F8FBD3144858}.Debug|x64.ActiveCfg = Debug|x64
		{C1597D93-AFD2-44FB-8893-F8FBD3144858}.Debug|x64.Build.0 = Debug|x64
		{C1597D93-AFD2-44FB-8893-F8FBD3144858}.Debug|x86.ActiveCfg = Debug|Win32
		{C1597D93-AFD2-44FB-8893-F8FBD3144858}.Debug|x86.Build.0 = Debug|Win32
		{C1597D93-AFD2-44FB-8893-F8FBD3144858}.Release|Any CPU.ActiveCfg = Release|x64
		{C1597D93-AFD2-44FB-8893-F8FBD3144858}.Release|Any CPU.Build.0 = Release|x64
		{C1597D93-AFD2-44FB-8893-F8FBD3144858}.Release|x64.ActiveCfg = Release|x64
		{C1597D93-AFD2-44FB-8893-F8FBD3144858}.Release|x64.Build.0 = Release|x64
		{C1597D93-AFD2-44FB-8893-F8FBD3144858}.Release|x86.ActiveCfg = Release|Win32
		{C1597D93-AFD2-44FB-8893-F8FBD3144858}.Release|x86.Build.0 = Release|Win32
		{3A98089C-58DC-433F-B096-0D75FCEF33C2}.Debug|Any CPU.ActiveCfg = Debug|Any CPU
		{3A98089C-58DC-433F-B096-0D75FCEF33C2}.Debug|Any CPU.Build.0 = Debug|Any CPU
		{3A98089C-58DC-433F-B096-0D75FCEF33C2}.Debug|x64.ActiveCfg = Debug|Any CPU
		{3A98089C-58DC-433F-B096-0D75FCEF33C2}.Debug|x64.Build.0 = Debug|Any CPU
		{3A98089C-58DC-433F-B096-0D75FCEF33C2}.Debug|x86.ActiveCfg = Debug|Any CPU
		{3A98089C-58DC-433F-B096-0D75FCEF33C2}.Debug|x86.Build.0 = Debug|Any CPU
		{3A98089C-58DC-433F-B096-0D75FCEF33C2}.Release|Any CPU.ActiveCfg = Release|Any CPU
		{3A98089C-58DC-433F-B096-0D75FCEF33C2}.Release|Any CPU.Build.0 = Release|Any CPU
		{3A98089C-58DC-433F-B096-0D75FCEF33C2}.Release|x64.ActiveCfg = Release|Any CPU
		{3A98089C-58DC-433F-B096-0D75FCEF33C2}.Release|x64.Build.0 = Release|Any CPU
		{3A98089C-58DC-433F-B096-0D75FCEF33C2}.Release|x86.ActiveCfg = Release|Any CPU
		{3A98089C-58DC-433F-B096-0D75FCEF33C2}.Release|x86.Build.0 = Release|Any CPU
		{01E8CC05-0D52-4D5B-A9E9-EC5048A133DC}.Debug|Any CPU.ActiveCfg = Debug|x64
		{01E8CC05-0D52-4D5B-A9E9-EC5048A133DC}.Debug|Any CPU.Build.0 = Debug|x64
		{01E8CC05-0D52-4D5B-A9E9-EC5048A133DC}.Debug|x64.ActiveCfg = Debug|x64
		{01E8CC05-0D52-4D5B-A9E9-EC5048A133DC}.Debug|x64.Build.0 = Debug|x64
		{01E8CC05-0D52-4D5B-A9E9-EC5048A133DC}.Debug|x86.ActiveCfg = Debug|Win32
		{01E8CC05-0D52-4D5B-A9E9-EC5048A133DC}.Debug|x86.Build.0 = Debug|Win32
		{01E8CC05-0D52-4D5B-A9E9-EC5048A133DC}.Release|Any CPU.ActiveCfg = Release|x64
		{01E8CC05-0D52-4D5B-A9E9-EC5048A133DC}.Release|Any CPU.Build.0 = Release|x64
		{01E8CC05-0D52-4D5B-A9E9-EC5048A133DC}.Release|x64.ActiveCfg = Release|x64
		{01E8CC05-0D52-4D5B-A9E9-EC5048A133DC}.Release|x64.Build.0 = Release|x64
		{01E8CC05-0D52-4D5B-A9E9-EC5048A133DC}.Release|x86.ActiveCfg = Release|Win32
		{01E8CC05-0D52-4D5B-A9E9-EC5048A133DC}.Release|x86.Build.0 = Release|Win32
	EndGlobalSection
	GlobalSection(SolutionProperties) = preSolution
		HideSolutionNode = FALSE
	EndGlobalSection
	GlobalSection(ExtensibilityGlobals) = postSolution
		SolutionGuid = {04FA55A9-61DF-497F-AE0A-455D8FFB5C20}
	EndGlobalSection
EndGlobal
