п»ї
Microsoft Visual Studio Solution File, Format Version 12.00
# Visual Studio Version 17
VisualStudioVersion = 17.1.32319.34
MinimumVisualStudioVersion = 10.0.40219.1
Project("{8BC9CEB8-8B4A-11D0-8D11-00A0C91BC942}") = "SortArray", "SortArray\SortArray.vcxproj", "{FF103F62-0BCE-4264-B06B-3A9AEF54E395}"
EndProject
Project("{8BC9CEB8-8B4A-11D0-8D11-00A0C91BC942}") = "Dijkstra", "Dijkstra\Dijkstra.vcxproj", "{7C0BC024-1691-4B0F-8445-BE43444369D3}"
EndProject
Project("{8BC9CEB8-8B4A-11D0-8D11-00A0C91BC942}") = "Diskretka", "Diskretka\Diskretka.vcxproj", "{BEB40E32-0C26-4F10-A406-5714E925B138}"
EndProject
Project("{8BC9CEB8-8B4A-11D0-8D11-00A0C91BC942}") = "CountSymbols", "CountSymbols\CountSymbols.vcxproj", "{B3EBE29D-B8A9-4F5F-96BC-246AD8B223F4}"
EndProject
Project("{8BC9CEB8-8B4A-11D0-8D11-00A0C91BC942}") = "ApachLogsAnalyzer", "ApachLogsAnalyzer\ApachLogsAnalyzer.vcxproj", "{D1099520-569E-4C33-94A5-F91884D28B5E}"
EndProject
Project("{8BC9CEB8-8B4A-11D0-8D11-00A0C91BC942}") = "BitField", "BitField\BitField.vcxproj", "{005940F6-FE85-454C-92EC-77392C5862EE}"
EndProject
Project("{8BC9CEB8-8B4A-11D0-8D11-00A0C91BC942}") = "FormatTextFile", "FormatTextFile\FormatTextFile.vcxproj", "{EA294B4C-8227-4BD5-8EAE-6E4F5A96F7E7}"
EndProject
Project("{9A19103F-16F7-4668-BE54-9A1E7A4F7556}") = "RealEstate", "Animal\RealEstate.csproj", "{3A98089C-58DC-433F-B096-0D75FCEF33C2}"
EndProject
Project("{8BC9CEB8-8B4A-11D0-8D11-00A0C91BC942}") = "LinkedList", "LinkedList\LinkedList.vcxproj", "{01E8CC05-0D52-4D5B-A9E9-EC5048A133DC}"
EndProject
Project("{9A19103F-16F7-4668-BE54-9A1E7A4F7556}") = "Levenstein", "Levenstein\Levenstein.csproj", "{1CB25A29-AC36-422B-AEED-E486CF839139}"
EndProject
Project("{9A19103F-16F7-4668-BE54-9A1E7A4F7556}") = "Levenstein.Tests", "Levenstein.Tests\Levenstein.Tests.csproj", "{41A3B4B8-69C7-45BC-81A7-B29532D616C3}"
EndProject
Project("{8BC9CEB8-8B4A-11D0-8D11-00A0C91BC942}") = "exercises", "exercises\exercises.vcxproj", "{A1C04F50-4F44-4D5F-B716-8CA089192435}"
EndProject
Project("{9A19103F-16F7-4668-BE54-9A1E7A4F7556}") = "MatrixMult", "ExercisesAlg\MatrixMult.csproj", "{17CFFAB5-38FE-46A2-A322-D4B4B569D144}"
EndProject
Project("{2150E333-8FDC-42A3-9474-1A3956D46DE8}") = "Algorithm", "Algorithm", "{FBDF2EE0-69D3-4318-96CF-ED33274D4DCA}"
EndProject
Project("{2150E333-8FDC-42A3-9474-1A3956D46DE8}") = "Grafika", "Grafika", "{F50430D7-4DD4-43C9-A744-03A94990A6F5}"
EndProject
Project("{9A19103F-16F7-4668-BE54-9A1E7A4F7556}") = "Rasterisation", "Rasterisation\Rasterisation.csproj", "{2BDE026E-F59B-49EF-BAA3-4B685B7E4A69}"
EndProject
Global
	GlobalSection(SolutionConfigurationPlatforms) = preSolution
		Debug|Any CPU = Debug|Any CPU
		Debug|x64 = Debug|x64
		Debug|x86 = Debug|x86
		Release|Any CPU = Release|Any CPU
		Release|x64 = Release|x64
		Release|x86 = Release|x86
	EndGlobalSection
	GlobalSection(ProjectConfigurationPlatforms) = postSolution
		{FF103F62-0BCE-4264-B06B-3A9AEF54E395}.Debug|Any CPU.ActiveCfg = Debug|x64
		{FF103F62-0BCE-4264-B06B-3A9AEF54E395}.Debug|Any CPU.Build.0 = Debug|x64
		{FF103F62-0BCE-4264-B06B-3A9AEF54E395}.Debug|x64.ActiveCfg = Debug|x64
		{FF103F62-0BCE-4264-B06B-3A9AEF54E395}.Debug|x64.Build.0 = Debug|x64
		{FF103F62-0BCE-4264-B06B-3A9AEF54E395}.Debug|x86.ActiveCfg = Debug|Win32
		{FF103F62-0BCE-4264-B06B-3A9AEF54E395}.Debug|x86.Build.0 = Debug|Win32
		{FF103F62-0BCE-4264-B06B-3A9AEF54E395}.Release|Any CPU.ActiveCfg = Release|x64
		{FF103F62-0BCE-4264-B06B-3A9AEF54E395}.Release|Any CPU.Build.0 = Release|x64
		{FF103F62-0BCE-4264-B06B-3A9AEF54E395}.Release|x64.ActiveCfg = Release|x64
		{FF103F62-0BCE-4264-B06B-3A9AEF54E395}.Release|x64.Build.0 = Release|x64
		{FF103F62-0BCE-4264-B06B-3A9AEF54E395}.Release|x86.ActiveCfg = Release|Win32
		{FF103F62-0BCE-4264-B06B-3A9AEF54E395}.Release|x86.Build.0 = Release|Win32
		{7C0BC024-1691-4B0F-8445-BE43444369D3}.Debug|Any CPU.ActiveCfg = Debug|x64
		{7C0BC024-1691-4B0F-8445-BE43444369D3}.Debug|Any CPU.Build.0 = Debug|x64
		{7C0BC024-1691-4B0F-8445-BE43444369D3}.Debug|x64.ActiveCfg = Debug|x64
		{7C0BC024-1691-4B0F-8445-BE43444369D3}.Debug|x64.Build.0 = Debug|x64
		{7C0BC024-1691-4B0F-8445-BE43444369D3}.Debug|x86.ActiveCfg = Debug|Win32
		{7C0BC024-1691-4B0F-8445-BE43444369D3}.Debug|x86.Build.0 = Debug|Win32
		{7C0BC024-1691-4B0F-8445-BE43444369D3}.Release|Any CPU.ActiveCfg = Release|x64
		{7C0BC024-1691-4B0F-8445-BE43444369D3}.Release|Any CPU.Build.0 = Release|x64
		{7C0BC024-1691-4B0F-8445-BE43444369D3}.Release|x64.ActiveCfg = Release|x64
		{7C0BC024-1691-4B0F-8445-BE43444369D3}.Release|x64.Build.0 = Release|x64
		{7C0BC024-1691-4B0F-8445-BE43444369D3}.Release|x86.ActiveCfg = Release|Win32
		{7C0BC024-1691-4B0F-8445-BE43444369D3}.Release|x86.Build.0 = Release|Win32
		{BEB40E32-0C26-4F10-A406-5714E925B138}.Debug|Any CPU.ActiveCfg = Debug|x64
		{BEB40E32-0C26-4F10-A406-5714E925B138}.Debug|Any CPU.Build.0 = Debug|x64
		{BEB40E32-0C26-4F10-A406-5714E925B138}.Debug|x64.ActiveCfg = Debug|x64
		{BEB40E32-0C26-4F10-A406-5714E925B138}.Debug|x64.Build.0 = Debug|x64
		{BEB40E32-0C26-4F10-A406-5714E925B138}.Debug|x86.ActiveCfg = Debug|Win32
		{BEB40E32-0C26-4F10-A406-5714E925B138}.Debug|x86.Build.0 = Debug|Win32
		{BEB40E32-0C26-4F10-A406-5714E925B138}.Release|Any CPU.ActiveCfg = Release|x64
		{BEB40E32-0C26-4F10-A406-5714E925B138}.Release|Any CPU.Build.0 = Release|x64
		{BEB40E32-0C26-4F10-A406-5714E925B138}.Release|x64.ActiveCfg = Release|x64
		{BEB40E32-0C26-4F10-A406-5714E925B138}.Release|x64.Build.0 = Release|x64
		{BEB40E32-0C26-4F10-A406-5714E925B138}.Release|x86.ActiveCfg = Release|Win32
		{BEB40E32-0C26-4F10-A406-5714E925B138}.Release|x86.Build.0 = Release|Win32
		{B3EBE29D-B8A9-4F5F-96BC-246AD8B223F4}.Debug|Any CPU.ActiveCfg = Debug|x64
		{B3EBE29D-B8A9-4F5F-96BC-246AD8B223F4}.Debug|Any CPU.Build.0 = Debug|x64
		{B3EBE29D-B8A9-4F5F-96BC-246AD8B223F4}.Debug|x64.ActiveCfg = Debug|x64
		{B3EBE29D-B8A9-4F5F-96BC-246AD8B223F4}.Debug|x64.Build.0 = Debug|x64
		{B3EBE29D-B8A9-4F5F-96BC-246AD8B223F4}.Debug|x86.ActiveCfg = Debug|Win32
		{B3EBE29D-B8A9-4F5F-96BC-246AD8B223F4}.Debug|x86.Build.0 = Debug|Win32
		{B3EBE29D-B8A9-4F5F-96BC-246AD8B223F4}.Release|Any CPU.ActiveCfg = Release|x64
		{B3EBE29D-B8A9-4F5F-96BC-246AD8B223F4}.Release|Any CPU.Build.0 = Release|x64
		{B3EBE29D-B8A9-4F5F-96BC-246AD8B223F4}.Release|x64.ActiveCfg = Release|x64
		{B3EBE29D-B8A9-4F5F-96BC-246AD8B223F4}.Release|x64.Build.0 = Release|x64
		{B3EBE29D-B8A9-4F5F-96BC-246AD8B223F4}.Release|x86.ActiveCfg = Release|Win32
		{B3EBE29D-B8A9-4F5F-96BC-246AD8B223F4}.Release|x86.Build.0 = Release|Win32
		{D1099520-569E-4C33-94A5-F91884D28B5E}.Debug|Any CPU.ActiveCfg = Debug|x64
		{D1099520-569E-4C33-94A5-F91884D28B5E}.Debug|Any CPU.Build.0 = Debug|x64
		{D1099520-569E-4C33-94A5-F91884D28B5E}.Debug|x64.ActiveCfg = Debug|x64
		{D1099520-569E-4C33-94A5-F91884D28B5E}.Debug|x64.Build.0 = Debug|x64
		{D1099520-569E-4C33-94A5-F91884D28B5E}.Debug|x86.ActiveCfg = Debug|Win32
		{D1099520-569E-4C33-94A5-F91884D28B5E}.Debug|x86.Build.0 = Debug|Win32
		{D1099520-569E-4C33-94A5-F91884D28B5E}.Release|Any CPU.ActiveCfg = Release|x64
		{D1099520-569E-4C33-94A5-F91884D28B5E}.Release|Any CPU.Build.0 = Release|x64
		{D1099520-569E-4C33-94A5-F91884D28B5E}.Release|x64.ActiveCfg = Release|x64
		{D1099520-569E-4C33-94A5-F91884D28B5E}.Release|x64.Build.0 = Release|x64
		{D1099520-569E-4C33-94A5-F91884D28B5E}.Release|x86.ActiveCfg = Release|Win32
		{D1099520-569E-4C33-94A5-F91884D28B5E}.Release|x86.Build.0 = Release|Win32
		{005940F6-FE85-454C-92EC-77392C5862EE}.Debug|Any CPU.ActiveCfg = Debug|x64
		{005940F6-FE85-454C-92EC-77392C5862EE}.Debug|Any CPU.Build.0 = Debug|x64
		{005940F6-FE85-454C-92EC-77392C5862EE}.Debug|x64.ActiveCfg = Debug|x64
		{005940F6-FE85-454C-92EC-77392C5862EE}.Debug|x64.Build.0 = Debug|x64
		{005940F6-FE85-454C-92EC-77392C5862EE}.Debug|x86.ActiveCfg = Debug|Win32
		{005940F6-FE85-454C-92EC-77392C5862EE}.Debug|x86.Build.0 = Debug|Win32
		{005940F6-FE85-454C-92EC-77392C5862EE}.Release|Any CPU.ActiveCfg = Release|x64
		{005940F6-FE85-454C-92EC-77392C5862EE}.Release|Any CPU.Build.0 = Release|x64
		{005940F6-FE85-454C-92EC-77392C5862EE}.Release|x64.ActiveCfg = Release|x64
		{005940F6-FE85-454C-92EC-77392C5862EE}.Release|x64.Build.0 = Release|x64
		{005940F6-FE85-454C-92EC-77392C5862EE}.Release|x86.ActiveCfg = Release|Win32
		{005940F6-FE85-454C-92EC-77392C5862EE}.Release|x86.Build.0 = Release|Win32
		{EA294B4C-8227-4BD5-8EAE-6E4F5A96F7E7}.Debug|Any CPU.ActiveCfg = Debug|x64
		{EA294B4C-8227-4BD5-8EAE-6E4F5A96F7E7}.Debug|Any CPU.Build.0 = Debug|x64
		{EA294B4C-8227-4BD5-8EAE-6E4F5A96F7E7}.Debug|x64.ActiveCfg = Debug|x64
		{EA294B4C-8227-4BD5-8EAE-6E4F5A96F7E7}.Debug|x64.Build.0 = Debug|x64
		{EA294B4C-8227-4BD5-8EAE-6E4F5A96F7E7}.Debug|x86.ActiveCfg = Debug|Win32
		{EA294B4C-8227-4BD5-8EAE-6E4F5A96F7E7}.Debug|x86.Build.0 = Debug|Win32
		{EA294B4C-8227-4BD5-8EAE-6E4F5A96F7E7}.Release|Any CPU.ActiveCfg = Release|x64
		{EA294B4C-8227-4BD5-8EAE-6E4F5A96F7E7}.Release|Any CPU.Build.0 = Release|x64
		{EA294B4C-8227-4BD5-8EAE-6E4F5A96F7E7}.Release|x64.ActiveCfg = Release|x64
		{EA294B4C-8227-4BD5-8EAE-6E4F5A96F7E7}.Release|x64.Build.0 = Release|x64
		{EA294B4C-8227-4BD5-8EAE-6E4F5A96F7E7}.Release|x86.ActiveCfg = Release|Win32
		{EA294B4C-8227-4BD5-8EAE-6E4F5A96F7E7}.Release|x86.Build.0 = Release|Win32
		{3A98089C-58DC-433F-B096-0D75FCEF33C2}.Debug|Any CPU.ActiveCfg = Debug|Any CPU
		{3A98089C-58DC-433F-B096-0D75FCEF33C2}.Debug|Any CPU.Build.0 = Debug|Any CPU
		{3A98089C-58DC-433F-B096-0D75FCEF33C2}.Debug|x64.ActiveCfg = Debug|Any CPU
		{3A98089C-58DC-433F-B096-0D75FCEF33C2}.Debug|x64.Build.0 = Debug|Any CPU
		{3A98089C-58DC-433F-B096-0D75FCEF33C2}.Debug|x86.ActiveCfg = Debug|Any CPU
		{3A98089C-58DC-433F-B096-0D75FCEF33C2}.Debug|x86.Build.0 = Debug|Any CPU
		{3A98089C-58DC-433F-B096-0D75FCEF33C2}.Release|Any CPU.ActiveCfg = Release|Any CPU
		{3A98089C-58DC-433F-B096-0D75FCEF33C2}.Release|Any CPU.Build.0 = Release|Any CPU
		{3A98089C-58DC-433F-B096-0D75FCEF33C2}.Release|x64.ActiveCfg = Release|Any CPU
		{3A98089C-58DC-433F-B096-0D75FCEF33C2}.Release|x64.Build.0 = Release|Any CPU
		{3A98089C-58DC-433F-B096-0D75FCEF33C2}.Release|x86.ActiveCfg = Release|Any CPU
		{3A98089C-58DC-433F-B096-0D75FCEF33C2}.Release|x86.Build.0 = Release|Any CPU
		{01E8CC05-0D52-4D5B-A9E9-EC5048A133DC}.Debug|Any CPU.ActiveCfg = Debug|x64
		{01E8CC05-0D52-4D5B-A9E9-EC5048A133DC}.Debug|Any CPU.Build.0 = Debug|x64
		{01E8CC05-0D52-4D5B-A9E9-EC5048A133DC}.Debug|x64.ActiveCfg = Debug|x64
		{01E8CC05-0D52-4D5B-A9E9-EC5048A133DC}.Debug|x64.Build.0 = Debug|x64
		{01E8CC05-0D52-4D5B-A9E9-EC5048A133DC}.Debug|x86.ActiveCfg = Debug|Win32
		{01E8CC05-0D52-4D5B-A9E9-EC5048A133DC}.Debug|x86.Build.0 = Debug|Win32
		{01E8CC05-0D52-4D5B-A9E9-EC5048A133DC}.Release|Any CPU.ActiveCfg = Release|x64
		{01E8CC05-0D52-4D5B-A9E9-EC5048A133DC}.Release|Any CPU.Build.0 = Release|x64
		{01E8CC05-0D52-4D5B-A9E9-EC5048A133DC}.Release|x64.ActiveCfg = Release|x64
		{01E8CC05-0D52-4D5B-A9E9-EC5048A133DC}.Release|x64.Build.0 = Release|x64
		{01E8CC05-0D52-4D5B-A9E9-EC5048A133DC}.Release|x86.ActiveCfg = Release|Win32
		{01E8CC05-0D52-4D5B-A9E9-EC5048A133DC}.Release|x86.Build.0 = Release|Win32
		{1CB25A29-AC36-422B-AEED-E486CF839139}.Debug|Any CPU.ActiveCfg = Debug|Any CPU
		{1CB25A29-AC36-422B-AEED-E486CF839139}.Debug|Any CPU.Build.0 = Debug|Any CPU
		{1CB25A29-AC36-422B-AEED-E486CF839139}.Debug|x64.ActiveCfg = Debug|Any CPU
		{1CB25A29-AC36-422B-AEED-E486CF839139}.Debug|x64.Build.0 = Debug|Any CPU
		{1CB25A29-AC36-422B-AEED-E486CF839139}.Debug|x86.ActiveCfg = Debug|Any CPU
		{1CB25A29-AC36-422B-AEED-E486CF839139}.Debug|x86.Build.0 = Debug|Any CPU
		{1CB25A29-AC36-422B-AEED-E486CF839139}.Release|Any CPU.ActiveCfg = Release|Any CPU
		{1CB25A29-AC36-422B-AEED-E486CF839139}.Release|Any CPU.Build.0 = Release|Any CPU
		{1CB25A29-AC36-422B-AEED-E486CF839139}.Release|x64.ActiveCfg = Release|Any CPU
		{1CB25A29-AC36-422B-AEED-E486CF839139}.Release|x64.Build.0 = Release|Any CPU
		{1CB25A29-AC36-422B-AEED-E486CF839139}.Release|x86.ActiveCfg = Release|Any CPU
		{1CB25A29-AC36-422B-AEED-E486CF839139}.Release|x86.Build.0 = Release|Any CPU
		{41A3B4B8-69C7-45BC-81A7-B29532D616C3}.Debug|Any CPU.ActiveCfg = Debug|Any CPU
		{41A3B4B8-69C7-45BC-81A7-B29532D616C3}.Debug|Any CPU.Build.0 = Debug|Any CPU
		{41A3B4B8-69C7-45BC-81A7-B29532D616C3}.Debug|x64.ActiveCfg = Debug|Any CPU
		{41A3B4B8-69C7-45BC-81A7-B29532D616C3}.Debug|x64.Build.0 = Debug|Any CPU
		{41A3B4B8-69C7-45BC-81A7-B29532D616C3}.Debug|x86.ActiveCfg = Debug|Any CPU
		{41A3B4B8-69C7-45BC-81A7-B29532D616C3}.Debug|x86.Build.0 = Debug|Any CPU
		{41A3B4B8-69C7-45BC-81A7-B29532D616C3}.Release|Any CPU.ActiveCfg = Release|Any CPU
		{41A3B4B8-69C7-45BC-81A7-B29532D616C3}.Release|Any CPU.Build.0 = Release|Any CPU
		{41A3B4B8-69C7-45BC-81A7-B29532D616C3}.Release|x64.ActiveCfg = Release|Any CPU
		{41A3B4B8-69C7-45BC-81A7-B29532D616C3}.Release|x64.Build.0 = Release|Any CPU
		{41A3B4B8-69C7-45BC-81A7-B29532D616C3}.Release|x86.ActiveCfg = Release|Any CPU
		{41A3B4B8-69C7-45BC-81A7-B29532D616C3}.Release|x86.Build.0 = Release|Any CPU
		{A1C04F50-4F44-4D5F-B716-8CA089192435}.Debug|Any CPU.ActiveCfg = Debug|x64
		{A1C04F50-4F44-4D5F-B716-8CA089192435}.Debug|Any CPU.Build.0 = Debug|x64
		{A1C04F50-4F44-4D5F-B716-8CA089192435}.Debug|x64.ActiveCfg = Debug|x64
		{A1C04F50-4F44-4D5F-B716-8CA089192435}.Debug|x64.Build.0 = Debug|x64
		{A1C04F50-4F44-4D5F-B716-8CA089192435}.Debug|x86.ActiveCfg = Debug|Win32
		{A1C04F50-4F44-4D5F-B716-8CA089192435}.Debug|x86.Build.0 = Debug|Win32
		{A1C04F50-4F44-4D5F-B716-8CA089192435}.Release|Any CPU.ActiveCfg = Release|x64
		{A1C04F50-4F44-4D5F-B716-8CA089192435}.Release|Any CPU.Build.0 = Release|x64
		{A1C04F50-4F44-4D5F-B716-8CA089192435}.Release|x64.ActiveCfg = Release|x64
		{A1C04F50-4F44-4D5F-B716-8CA089192435}.Release|x64.Build.0 = Release|x64
		{A1C04F50-4F44-4D5F-B716-8CA089192435}.Release|x86.ActiveCfg = Release|Win32
		{A1C04F50-4F44-4D5F-B716-8CA089192435}.Release|x86.Build.0 = Release|Win32
		{17CFFAB5-38FE-46A2-A322-D4B4B569D144}.Debug|Any CPU.ActiveCfg = Debug|Any CPU
		{17CFFAB5-38FE-46A2-A322-D4B4B569D144}.Debug|Any CPU.Build.0 = Debug|Any CPU
		{17CFFAB5-38FE-46A2-A322-D4B4B569D144}.Debug|x64.ActiveCfg = Debug|Any CPU
		{17CFFAB5-38FE-46A2-A322-D4B4B569D144}.Debug|x64.Build.0 = Debug|Any CPU
		{17CFFAB5-38FE-46A2-A322-D4B4B569D144}.Debug|x86.ActiveCfg = Debug|Any CPU
		{17CFFAB5-38FE-46A2-A322-D4B4B569D144}.Debug|x86.Build.0 = Debug|Any CPU
		{17CFFAB5-38FE-46A2-A322-D4B4B569D144}.Release|Any CPU.ActiveCfg = Release|Any CPU
		{17CFFAB5-38FE-46A2-A322-D4B4B569D144}.Release|Any CPU.Build.0 = Release|Any CPU
		{17CFFAB5-38FE-46A2-A322-D4B4B569D144}.Release|x64.ActiveCfg = Release|Any CPU
		{17CFFAB5-38FE-46A2-A322-D4B4B569D144}.Release|x64.Build.0 = Release|Any CPU
		{17CFFAB5-38FE-46A2-A322-D4B4B569D144}.Release|x86.ActiveCfg = Release|Any CPU
		{17CFFAB5-38FE-46A2-A322-D4B4B569D144}.Release|x86.Build.0 = Release|Any CPU
		{2BDE026E-F59B-49EF-BAA3-4B685B7E4A69}.Debug|Any CPU.ActiveCfg = Debug|Any CPU
		{2BDE026E-F59B-49EF-BAA3-4B685B7E4A69}.Debug|Any CPU.Build.0 = Debug|Any CPU
		{2BDE026E-F59B-49EF-BAA3-4B685B7E4A69}.Debug|x64.ActiveCfg = Debug|Any CPU
		{2BDE026E-F59B-49EF-BAA3-4B685B7E4A69}.Debug|x64.Build.0 = Debug|Any CPU
		{2BDE026E-F59B-49EF-BAA3-4B685B7E4A69}.Debug|x86.ActiveCfg = Debug|Any CPU
		{2BDE026E-F59B-49EF-BAA3-4B685B7E4A69}.Debug|x86.Build.0 = Debug|Any CPU
		{2BDE026E-F59B-49EF-BAA3-4B685B7E4A69}.Release|Any CPU.ActiveCfg = Release|Any CPU
		{2BDE026E-F59B-49EF-BAA3-4B685B7E4A69}.Release|Any CPU.Build.0 = Release|Any CPU
		{2BDE026E-F59B-49EF-BAA3-4B685B7E4A69}.Release|x64.ActiveCfg = Release|Any CPU
		{2BDE026E-F59B-49EF-BAA3-4B685B7E4A69}.Release|x64.Build.0 = Release|Any CPU
		{2BDE026E-F59B-49EF-BAA3-4B685B7E4A69}.Release|x86.ActiveCfg = Release|Any CPU
		{2BDE026E-F59B-49EF-BAA3-4B685B7E4A69}.Release|x86.Build.0 = Release|Any CPU
	EndGlobalSection
	GlobalSection(SolutionProperties) = preSolution
		HideSolutionNode = FALSE
	EndGlobalSection
	GlobalSection(NestedProjects) = preSolution
		{1CB25A29-AC36-422B-AEED-E486CF839139} = {FBDF2EE0-69D3-4318-96CF-ED33274D4DCA}
		{41A3B4B8-69C7-45BC-81A7-B29532D616C3} = {FBDF2EE0-69D3-4318-96CF-ED33274D4DCA}
		{17CFFAB5-38FE-46A2-A322-D4B4B569D144} = {FBDF2EE0-69D3-4318-96CF-ED33274D4DCA}
		{2BDE026E-F59B-49EF-BAA3-4B685B7E4A69} = {F50430D7-4DD4-43C9-A744-03A94990A6F5}
	EndGlobalSection
	GlobalSection(ExtensibilityGlobals) = postSolution
		SolutionGuid = {04FA55A9-61DF-497F-AE0A-455D8FFB5C20}
	EndGlobalSection
EndGlobal
